
Microsoft Visual Studio Solution File, Format Version 12.00
# Visual Studio Version 16
VisualStudioVersion = 16.0.29709.97
MinimumVisualStudioVersion = 10.0.40219.1
Project("{FAE04EC0-301F-11D3-BF4B-00C04F79EFBC}") = "pr_26", "pr_26\pr_26.csproj", "{28434AE8-676E-4445-A484-840A66FFFDB4}"
EndProject
Global
	GlobalSection(SolutionConfigurationPlatforms) = preSolution
		Debug|Any CPU = Debug|Any CPU
		Release|Any CPU = Release|Any CPU
	EndGlobalSection
	GlobalSection(ProjectConfigurationPlatforms) = postSolution
		{28434AE8-676E-4445-A484-840A66FFFDB4}.Debug|Any CPU.ActiveCfg = Debug|Any CPU
		{28434AE8-676E-4445-A484-840A66FFFDB4}.Debug|Any CPU.Build.0 = Debug|Any CPU
		{28434AE8-676E-4445-A484-840A66FFFDB4}.Release|Any CPU.ActiveCfg = Release|Any CPU
		{28434AE8-676E-4445-A484-840A66FFFDB4}.Release|Any CPU.Build.0 = Release|Any CPU
	EndGlobalSection
	GlobalSection(SolutionProperties) = preSolution
		HideSolutionNode = FALSE
	EndGlobalSection
	GlobalSection(ExtensibilityGlobals) = postSolution
		SolutionGuid = {658DBAEC-2462-4AE3-86A9-744D0928CFA9}
	EndGlobalSection
EndGlobal
